
Microsoft Visual Studio Solution File, Format Version 12.00
Project("{FAE04EC0-301F-11D3-BF4B-00C04F79EFBC}") = "DAL", "DAL\DAL.csproj", "{2E14D331-727D-43DB-B7E0-F0468A44E391}"
EndProject
Global
	GlobalSection(SolutionConfigurationPlatforms) = preSolution
		Debug|Any CPU = Debug|Any CPU
		Release|Any CPU = Release|Any CPU
	EndGlobalSection
	GlobalSection(ProjectConfigurationPlatforms) = postSolution
		{2E14D331-727D-43DB-B7E0-F0468A44E391}.Debug|Any CPU.ActiveCfg = Debug|Any CPU
		{2E14D331-727D-43DB-B7E0-F0468A44E391}.Debug|Any CPU.Build.0 = Debug|Any CPU
		{2E14D331-727D-43DB-B7E0-F0468A44E391}.Release|Any CPU.ActiveCfg = Release|Any CPU
		{2E14D331-727D-43DB-B7E0-F0468A44E391}.Release|Any CPU.Build.0 = Release|Any CPU
	EndGlobalSection
EndGlobal
